
Microsoft Visual Studio Solution File, Format Version 12.00
# Visual Studio Version 17
VisualStudioVersion = 17.0.31903.59
MinimumVisualStudioVersion = 10.0.40219.1
Project("{FAE04EC0-301F-11D3-BF4B-00C04F79EFBC}") = "CatalogSaver", "CatalogSaver\CatalogSaver.csproj", "{5B6D3D3D-1D37-4925-8B53-AF3A33D7E5A5}"
EndProject
Project("{FAE04EC0-301F-11D3-BF4B-00C04F79EFBC}") = "OddNumbers", "OddNumbers\OddNumbers.csproj", "{F6F44C0D-5A69-4667-B1D9-989523E14533}"
EndProject
Global
	GlobalSection(SolutionConfigurationPlatforms) = preSolution
		Debug|Any CPU = Debug|Any CPU
		Release|Any CPU = Release|Any CPU
	EndGlobalSection
	GlobalSection(ProjectConfigurationPlatforms) = postSolution
		{5B6D3D3D-1D37-4925-8B53-AF3A33D7E5A5}.Debug|Any CPU.ActiveCfg = Debug|Any CPU
		{5B6D3D3D-1D37-4925-8B53-AF3A33D7E5A5}.Debug|Any CPU.Build.0 = Debug|Any CPU
		{5B6D3D3D-1D37-4925-8B53-AF3A33D7E5A5}.Release|Any CPU.ActiveCfg = Release|Any CPU
		{5B6D3D3D-1D37-4925-8B53-AF3A33D7E5A5}.Release|Any CPU.Build.0 = Release|Any CPU
		{F6F44C0D-5A69-4667-B1D9-989523E14533}.Debug|Any CPU.ActiveCfg = Debug|Any CPU
		{F6F44C0D-5A69-4667-B1D9-989523E14533}.Debug|Any CPU.Build.0 = Debug|Any CPU
		{F6F44C0D-5A69-4667-B1D9-989523E14533}.Release|Any CPU.ActiveCfg = Release|Any CPU
		{F6F44C0D-5A69-4667-B1D9-989523E14533}.Release|Any CPU.Build.0 = Release|Any CPU
	EndGlobalSection
	GlobalSection(SolutionProperties) = preSolution
		HideSolutionNode = FALSE
	EndGlobalSection
	GlobalSection(ExtensibilityGlobals) = postSolution
		SolutionGuid = {D749501D-E366-41E7-9E68-D94094739464}
	EndGlobalSection
EndGlobal
