
Microsoft Visual Studio Solution File, Format Version 12.00
# Visual Studio Version 16
VisualStudioVersion = 16.0.31205.134
MinimumVisualStudioVersion = 15.0.26124.0
Project("{9A19103F-16F7-4668-BE54-9A1E7A4F7556}") = "OddNumbers", "OddNumbers\OddNumbers.csproj", "{297B5672-B1CA-4C28-AD77-0A7DB668B1A8}"
EndProject
Project("{FAE04EC0-301F-11D3-BF4B-00C04F79EFBC}") = "CatalogSaver", "CatalogSaver\CatalogSaver.csproj", "{F38306AE-4111-4335-99F4-89AF532922A6}"
EndProject
Global
	GlobalSection(SolutionConfigurationPlatforms) = preSolution
		Debug|Any CPU = Debug|Any CPU
		Debug|x64 = Debug|x64
		Debug|x86 = Debug|x86
		Release|Any CPU = Release|Any CPU
		Release|x64 = Release|x64
		Release|x86 = Release|x86
	EndGlobalSection
	GlobalSection(ProjectConfigurationPlatforms) = postSolution
		{297B5672-B1CA-4C28-AD77-0A7DB668B1A8}.Debug|Any CPU.ActiveCfg = Debug|Any CPU
		{297B5672-B1CA-4C28-AD77-0A7DB668B1A8}.Debug|Any CPU.Build.0 = Debug|Any CPU
		{297B5672-B1CA-4C28-AD77-0A7DB668B1A8}.Debug|x64.ActiveCfg = Debug|Any CPU
		{297B5672-B1CA-4C28-AD77-0A7DB668B1A8}.Debug|x64.Build.0 = Debug|Any CPU
		{297B5672-B1CA-4C28-AD77-0A7DB668B1A8}.Debug|x86.ActiveCfg = Debug|Any CPU
		{297B5672-B1CA-4C28-AD77-0A7DB668B1A8}.Debug|x86.Build.0 = Debug|Any CPU
		{297B5672-B1CA-4C28-AD77-0A7DB668B1A8}.Release|Any CPU.ActiveCfg = Release|Any CPU
		{297B5672-B1CA-4C28-AD77-0A7DB668B1A8}.Release|Any CPU.Build.0 = Release|Any CPU
		{297B5672-B1CA-4C28-AD77-0A7DB668B1A8}.Release|x64.ActiveCfg = Release|Any CPU
		{297B5672-B1CA-4C28-AD77-0A7DB668B1A8}.Release|x64.Build.0 = Release|Any CPU
		{297B5672-B1CA-4C28-AD77-0A7DB668B1A8}.Release|x86.ActiveCfg = Release|Any CPU
		{297B5672-B1CA-4C28-AD77-0A7DB668B1A8}.Release|x86.Build.0 = Release|Any CPU
		{F38306AE-4111-4335-99F4-89AF532922A6}.Debug|Any CPU.ActiveCfg = Debug|Any CPU
		{F38306AE-4111-4335-99F4-89AF532922A6}.Debug|Any CPU.Build.0 = Debug|Any CPU
		{F38306AE-4111-4335-99F4-89AF532922A6}.Debug|x64.ActiveCfg = Debug|Any CPU
		{F38306AE-4111-4335-99F4-89AF532922A6}.Debug|x64.Build.0 = Debug|Any CPU
		{F38306AE-4111-4335-99F4-89AF532922A6}.Debug|x86.ActiveCfg = Debug|Any CPU
		{F38306AE-4111-4335-99F4-89AF532922A6}.Debug|x86.Build.0 = Debug|Any CPU
		{F38306AE-4111-4335-99F4-89AF532922A6}.Release|Any CPU.ActiveCfg = Release|Any CPU
		{F38306AE-4111-4335-99F4-89AF532922A6}.Release|Any CPU.Build.0 = Release|Any CPU
		{F38306AE-4111-4335-99F4-89AF532922A6}.Release|x64.ActiveCfg = Release|Any CPU
		{F38306AE-4111-4335-99F4-89AF532922A6}.Release|x64.Build.0 = Release|Any CPU
		{F38306AE-4111-4335-99F4-89AF532922A6}.Release|x86.ActiveCfg = Release|Any CPU
		{F38306AE-4111-4335-99F4-89AF532922A6}.Release|x86.Build.0 = Release|Any CPU
	EndGlobalSection
	GlobalSection(SolutionProperties) = preSolution
		HideSolutionNode = FALSE
	EndGlobalSection
	GlobalSection(ExtensibilityGlobals) = postSolution
		SolutionGuid = {914C322E-8A8F-47BB-9103-A31B260AF2F6}
	EndGlobalSection
EndGlobal
